{
  "originHash" : "6c9e3efdcffc354676bb329368c0c8d41fea2964fcd1fb6c42dc2016e59b878e",
  "pins" : [
    {
      "identity" : "swift-async-algorithms",
      "kind" : "remoteSourceControl",
      "location" : "https://github.com/apple/swift-async-algorithms",
      "state" : {
        "revision" : "5c8bd186f48c16af0775972700626f0b74588278",
        "version" : "1.0.2"
      }
    },
    {
      "identity" : "swift-async-queue",
      "kind" : "remoteSourceControl",
      "location" : "https://github.com/dfed/swift-async-queue",
      "state" : {
        "revision" : "b51448d3347a3aedd828c491de3e78035f18759c",
        "version" : "0.6.1"
      }
    },
    {
      "identity" : "swift-collections",
      "kind" : "remoteSourceControl",
      "location" : "https://github.com/apple/swift-collections.git",
      "state" : {
        "revision" : "671108c96644956dddcd89dd59c203dcdb36cec7",
        "version" : "1.1.4"
      }
    }
  ],
  "version" : 3
}
